
Microsoft Visual Studio Solution File, Format Version 11.00
# Visual Studio 2010
Project("{FAE04EC0-301F-11D3-BF4B-00C04F79EFBC}") = "Xylophone Hero", "Assembly-CSharp.csproj", "{E0BFB7AA-09BC-9754-032B-0399E4F2F949}"
EndProject
Project("{FAE04EC0-301F-11D3-BF4B-00C04F79EFBC}") = "Xylophone Hero", "Assembly-CSharp-Editor.csproj", "{6EA8FC33-0D9A-C6F1-FDB7-4138FF62AF22}"
EndProject
Global
	GlobalSection(SolutionConfigurationPlatforms) = preSolution
		Debug|Any CPU = Debug|Any CPU
		Release|Any CPU = Release|Any CPU
	EndGlobalSection
	GlobalSection(ProjectConfigurationPlatforms) = postSolution
		{E0BFB7AA-09BC-9754-032B-0399E4F2F949}.Debug|Any CPU.ActiveCfg = Debug|Any CPU
		{E0BFB7AA-09BC-9754-032B-0399E4F2F949}.Debug|Any CPU.Build.0 = Debug|Any CPU
		{E0BFB7AA-09BC-9754-032B-0399E4F2F949}.Release|Any CPU.ActiveCfg = Release|Any CPU
		{E0BFB7AA-09BC-9754-032B-0399E4F2F949}.Release|Any CPU.Build.0 = Release|Any CPU
		{6EA8FC33-0D9A-C6F1-FDB7-4138FF62AF22}.Debug|Any CPU.ActiveCfg = Debug|Any CPU
		{6EA8FC33-0D9A-C6F1-FDB7-4138FF62AF22}.Debug|Any CPU.Build.0 = Debug|Any CPU
		{6EA8FC33-0D9A-C6F1-FDB7-4138FF62AF22}.Release|Any CPU.ActiveCfg = Release|Any CPU
		{6EA8FC33-0D9A-C6F1-FDB7-4138FF62AF22}.Release|Any CPU.Build.0 = Release|Any CPU
	EndGlobalSection
	GlobalSection(SolutionProperties) = preSolution
		HideSolutionNode = FALSE
	EndGlobalSection
	GlobalSection(MonoDevelopProperties) = preSolution
		StartupItem = Assembly-CSharp.csproj
	EndGlobalSection
EndGlobal
